
Microsoft Visual Studio Solution File, Format Version 12.00
# Visual Studio Version 17
VisualStudioVersion = 17.4.33213.308
MinimumVisualStudioVersion = 10.0.40219.1
Project("{FAE04EC0-301F-11D3-BF4B-00C04F79EFBC}") = "Catalogodefilmes", "Catalogodefilmes\Catalogodefilmes.csproj", "{F28DDF99-9629-46DD-ADB6-D69646A44302}"
EndProject
Global
	GlobalSection(SolutionConfigurationPlatforms) = preSolution
		Debug|Any CPU = Debug|Any CPU
		Release|Any CPU = Release|Any CPU
	EndGlobalSection
	GlobalSection(ProjectConfigurationPlatforms) = postSolution
		{F28DDF99-9629-46DD-ADB6-D69646A44302}.Debug|Any CPU.ActiveCfg = Debug|Any CPU
		{F28DDF99-9629-46DD-ADB6-D69646A44302}.Debug|Any CPU.Build.0 = Debug|Any CPU
		{F28DDF99-9629-46DD-ADB6-D69646A44302}.Release|Any CPU.ActiveCfg = Release|Any CPU
		{F28DDF99-9629-46DD-ADB6-D69646A44302}.Release|Any CPU.Build.0 = Release|Any CPU
	EndGlobalSection
	GlobalSection(SolutionProperties) = preSolution
		HideSolutionNode = FALSE
	EndGlobalSection
	GlobalSection(ExtensibilityGlobals) = postSolution
		SolutionGuid = {7DC9F62C-6CF7-4C4B-94FB-321F9FAC4098}
	EndGlobalSection
EndGlobal
